schema: '2.0'
stages:
  prepare:
    cmd: python prepare.py
    deps:
    - path: data/data
      md5: b06b81863df7184ef02739a6e4e976db.dir
      size: 8311871
      nfiles: 100
    - path: prepare.py
      md5: 1490ccfe37c85093e428847f772108db
      size: 316
    outs:
    - path: data/prepared_data
      md5: 7483a6e99eb1624f6bbbd3e027c1979f.dir
      size: 8311871
      nfiles: 100
  train:
    cmd: python train.py
    deps:
    - path: data/prepared_data
      md5: 7483a6e99eb1624f6bbbd3e027c1979f.dir
      size: 8311871
      nfiles: 100
    - path: train.py
      md5: 50a36e12605c0129e25e1df77ca8f826
      size: 3259
    outs:
    - path: model/my_model.h5
      md5: cd4ed27cb665629a4aa1d919a73f7b59
      size: 104861928
  test:
    cmd: python test.py
    deps:
    - path: model/my_model.h5
      md5: cd4ed27cb665629a4aa1d919a73f7b59
      size: 104861928
    - path: test.py
      md5: 50aa20d4e5f98c32db55b403b889c3f0
      size: 723
    outs:
    - path: test.txt
      md5: dc6e7f22744b1c374dc978f27e641b5b
      size: 22
